// !$*UTF8*$!
{
	archiveVersion = 1;
	classes = {
	};
	objectVersion = 46;
	objects = {

/* Begin PBXBuildFile section */
		5E530F1C1B92DF24009A0843 /* main.m in Sources */ = {isa = PBXBuildFile; fileRef = 5E530F1B1B92DF24009A0843 /* main.m */; };
		5E530F1F1B92DF24009A0843 /* LTAppDelegate.m in Sources */ = {isa = PBXBuildFile; fileRef = 5E530F1E1B92DF24009A0843 /* LTAppDelegate.m */; };
		5E530F221B92DF24009A0843 /* LTTodayViewController.m in Sources */ = {isa = PBXBuildFile; fileRef = 5E530F211B92DF24009A0843 /* LTTodayViewController.m */; };
		5E530F251B92DF24009A0843 /* Main.storyboard in Resources */ = {isa = PBXBuildFile; fileRef = 5E530F231B92DF24009A0843 /* Main.storyboard */; };
		5E530F271B92DF24009A0843 /* Images.xcassets in Resources */ = {isa = PBXBuildFile; fileRef = 5E530F261B92DF24009A0843 /* Images.xcassets */; };
		5E530F2A1B92DF24009A0843 /* LaunchScreen.xib in Resources */ = {isa = PBXBuildFile; fileRef = 5E530F281B92DF24009A0843 /* LaunchScreen.xib */; };
		5E530F361B92DF24009A0843 /* LettuceGetHealthyTests.m in Sources */ = {isa = PBXBuildFile; fileRef = 5E530F351B92DF24009A0843 /* LettuceGetHealthyTests.m */; };
		5E530F411B92E725009A0843 /* UIColor+Lettuce.m in Sources */ = {isa = PBXBuildFile; fileRef = 5E530F401B92E725009A0843 /* UIColor+Lettuce.m */; };
		5E530F431B92FA12009A0843 /* AudioToolbox.framework in Frameworks */ = {isa = PBXBuildFile; fileRef = 5E530F421B92FA12009A0843 /* AudioToolbox.framework */; };
		5E530F451B92FA17009A0843 /* CFNetwork.framework in Frameworks */ = {isa = PBXBuildFile; fileRef = 5E530F441B92FA17009A0843 /* CFNetwork.framework */; };
		5E530F471B92FA1C009A0843 /* CoreGraphics.framework in Frameworks */ = {isa = PBXBuildFile; fileRef = 5E530F461B92FA1C009A0843 /* CoreGraphics.framework */; };
		5E530F491B92FA22009A0843 /* CoreLocation.framework in Frameworks */ = {isa = PBXBuildFile; fileRef = 5E530F481B92FA22009A0843 /* CoreLocation.framework */; };
		5E530F4B1B92FA29009A0843 /* QuartzCore.framework in Frameworks */ = {isa = PBXBuildFile; fileRef = 5E530F4A1B92FA29009A0843 /* QuartzCore.framework */; };
		5E530F4D1B92FA2E009A0843 /* Security.framework in Frameworks */ = {isa = PBXBuildFile; fileRef = 5E530F4C1B92FA2E009A0843 /* Security.framework */; };
		5E530F4F1B92FA34009A0843 /* StoreKit.framework in Frameworks */ = {isa = PBXBuildFile; fileRef = 5E530F4E1B92FA33009A0843 /* StoreKit.framework */; };
		5E530F511B92FA39009A0843 /* SystemConfiguration.framework in Frameworks */ = {isa = PBXBuildFile; fileRef = 5E530F501B92FA39009A0843 /* SystemConfiguration.framework */; };
		5E530F531B92FA3F009A0843 /* libz.dylib in Frameworks */ = {isa = PBXBuildFile; fileRef = 5E530F521B92FA3F009A0843 /* libz.dylib */; };
		5E530F551B92FA45009A0843 /* libsqlite3.dylib in Frameworks */ = {isa = PBXBuildFile; fileRef = 5E530F541B92FA45009A0843 /* libsqlite3.dylib */; };
		5E530F571B92FA7F009A0843 /* Parse.framework in Frameworks */ = {isa = PBXBuildFile; fileRef = 5E530F561B92FA7F009A0843 /* Parse.framework */; };
		5E530F591B92FAE1009A0843 /* Bolts.framework in Frameworks */ = {isa = PBXBuildFile; fileRef = 5E530F581B92FAE1009A0843 /* Bolts.framework */; };
		5E530F5C1B9376FE009A0843 /* LTTabBarController.m in Sources */ = {isa = PBXBuildFile; fileRef = 5E530F5B1B9376FE009A0843 /* LTTabBarController.m */; };
		5E530F5F1B9377E3009A0843 /* LTSignUpViewController.m in Sources */ = {isa = PBXBuildFile; fileRef = 5E530F5E1B9377E3009A0843 /* LTSignUpViewController.m */; };
		5E530F6C1B937E4F009A0843 /* UIStoryboard+Lettuce.m in Sources */ = {isa = PBXBuildFile; fileRef = 5E530F6B1B937E4F009A0843 /* UIStoryboard+Lettuce.m */; };
		5E530F701B938568009A0843 /* LTConstants.m in Sources */ = {isa = PBXBuildFile; fileRef = 5E530F6F1B938568009A0843 /* LTConstants.m */; };
		5EE114AA1B9392C000FB8CE1 /* LTHelper.m in Sources */ = {isa = PBXBuildFile; fileRef = 5EE114A91B9392C000FB8CE1 /* LTHelper.m */; };
		5EE114AD1B93962400FB8CE1 /* UIView+Lettuce.m in Sources */ = {isa = PBXBuildFile; fileRef = 5EE114AC1B93962400FB8CE1 /* UIView+Lettuce.m */; };
/* End PBXBuildFile section */

/* Begin PBXContainerItemProxy section */
		5E530F301B92DF24009A0843 /* PBXContainerItemProxy */ = {
			isa = PBXContainerItemProxy;
			containerPortal = 5E530F0E1B92DF24009A0843 /* Project object */;
			proxyType = 1;
			remoteGlobalIDString = 5E530F151B92DF24009A0843;
			remoteInfo = LettuceGetHealthy;
		};
/* End PBXContainerItemProxy section */

/* Begin PBXFileReference section */
		5E530F161B92DF24009A0843 /* LettuceGetHealthy.app */ = {isa = PBXFileReference; explicitFileType = wrapper.application; includeInIndex = 0; path = LettuceGetHealthy.app; sourceTree = BUILT_PRODUCTS_DIR; };
		5E530F1A1B92DF24009A0843 /* Info.plist */ = {isa = PBXFileReference; lastKnownFileType = text.plist.xml; path = Info.plist; sourceTree = "<group>"; };
		5E530F1B1B92DF24009A0843 /* main.m */ = {isa = PBXFileReference; lastKnownFileType = sourcecode.c.objc; path = main.m; sourceTree = "<group>"; };
		5E530F1D1B92DF24009A0843 /* LTAppDelegate.h */ = {isa = PBXFileReference; lastKnownFileType = sourcecode.c.h; path = LTAppDelegate.h; sourceTree = "<group>"; };
		5E530F1E1B92DF24009A0843 /* LTAppDelegate.m */ = {isa = PBXFileReference; lastKnownFileType = sourcecode.c.objc; path = LTAppDelegate.m; sourceTree = "<group>"; };
		5E530F201B92DF24009A0843 /* LTTodayViewController.h */ = {isa = PBXFileReference; lastKnownFileType = sourcecode.c.h; path = LTTodayViewController.h; sourceTree = "<group>"; };
		5E530F211B92DF24009A0843 /* LTTodayViewController.m */ = {isa = PBXFileReference; lastKnownFileType = sourcecode.c.objc; path = LTTodayViewController.m; sourceTree = "<group>"; };
		5E530F241B92DF24009A0843 /* Base */ = {isa = PBXFileReference; lastKnownFileType = file.storyboard; name = Base; path = Base.lproj/Main.storyboard; sourceTree = "<group>"; };
		5E530F261B92DF24009A0843 /* Images.xcassets */ = {isa = PBXFileReference; lastKnownFileType = folder.assetcatalog; path = Images.xcassets; sourceTree = "<group>"; };
		5E530F291B92DF24009A0843 /* Base */ = {isa = PBXFileReference; lastKnownFileType = file.xib; name = Base; path = Base.lproj/LaunchScreen.xib; sourceTree = "<group>"; };
		5E530F2F1B92DF24009A0843 /* LettuceGetHealthyTests.xctest */ = {isa = PBXFileReference; explicitFileType = wrapper.cfbundle; includeInIndex = 0; path = LettuceGetHealthyTests.xctest; sourceTree = BUILT_PRODUCTS_DIR; };
		5E530F341B92DF24009A0843 /* Info.plist */ = {isa = PBXFileReference; lastKnownFileType = text.plist.xml; path = Info.plist; sourceTree = "<group>"; };
		5E530F351B92DF24009A0843 /* LettuceGetHealthyTests.m */ = {isa = PBXFileReference; lastKnownFileType = sourcecode.c.objc; path = LettuceGetHealthyTests.m; sourceTree = "<group>"; };
		5E530F3F1B92E725009A0843 /* UIColor+Lettuce.h */ = {isa = PBXFileReference; fileEncoding = 4; lastKnownFileType = sourcecode.c.h; path = "UIColor+Lettuce.h"; sourceTree = "<group>"; };
		5E530F401B92E725009A0843 /* UIColor+Lettuce.m */ = {isa = PBXFileReference; fileEncoding = 4; lastKnownFileType = sourcecode.c.objc; path = "UIColor+Lettuce.m"; sourceTree = "<group>"; };
		5E530F421B92FA12009A0843 /* AudioToolbox.framework */ = {isa = PBXFileReference; lastKnownFileType = wrapper.framework; name = AudioToolbox.framework; path = System/Library/Frameworks/AudioToolbox.framework; sourceTree = SDKROOT; };
		5E530F441B92FA17009A0843 /* CFNetwork.framework */ = {isa = PBXFileReference; lastKnownFileType = wrapper.framework; name = CFNetwork.framework; path = System/Library/Frameworks/CFNetwork.framework; sourceTree = SDKROOT; };
		5E530F461B92FA1C009A0843 /* CoreGraphics.framework */ = {isa = PBXFileReference; lastKnownFileType = wrapper.framework; name = CoreGraphics.framework; path = System/Library/Frameworks/CoreGraphics.framework; sourceTree = SDKROOT; };
		5E530F481B92FA22009A0843 /* CoreLocation.framework */ = {isa = PBXFileReference; lastKnownFileType = wrapper.framework; name = CoreLocation.framework; path = System/Library/Frameworks/CoreLocation.framework; sourceTree = SDKROOT; };
		5E530F4A1B92FA29009A0843 /* QuartzCore.framework */ = {isa = PBXFileReference; lastKnownFileType = wrapper.framework; name = QuartzCore.framework; path = System/Library/Frameworks/QuartzCore.framework; sourceTree = SDKROOT; };
		5E530F4C1B92FA2E009A0843 /* Security.framework */ = {isa = PBXFileReference; lastKnownFileType = wrapper.framework; name = Security.framework; path = System/Library/Frameworks/Security.framework; sourceTree = SDKROOT; };
		5E530F4E1B92FA33009A0843 /* StoreKit.framework */ = {isa = PBXFileReference; lastKnownFileType = wrapper.framework; name = StoreKit.framework; path = System/Library/Frameworks/StoreKit.framework; sourceTree = SDKROOT; };
		5E530F501B92FA39009A0843 /* SystemConfiguration.framework */ = {isa = PBXFileReference; lastKnownFileType = wrapper.framework; name = SystemConfiguration.framework; path = System/Library/Frameworks/SystemConfiguration.framework; sourceTree = SDKROOT; };
		5E530F521B92FA3F009A0843 /* libz.dylib */ = {isa = PBXFileReference; lastKnownFileType = "compiled.mach-o.dylib"; name = libz.dylib; path = usr/lib/libz.dylib; sourceTree = SDKROOT; };
		5E530F541B92FA45009A0843 /* libsqlite3.dylib */ = {isa = PBXFileReference; lastKnownFileType = "compiled.mach-o.dylib"; name = libsqlite3.dylib; path = usr/lib/libsqlite3.dylib; sourceTree = SDKROOT; };
		5E530F561B92FA7F009A0843 /* Parse.framework */ = {isa = PBXFileReference; lastKnownFileType = wrapper.framework; name = Parse.framework; path = "../../../Downloads/parse-library-1.8.2/Parse.framework"; sourceTree = "<group>"; };
		5E530F581B92FAE1009A0843 /* Bolts.framework */ = {isa = PBXFileReference; lastKnownFileType = wrapper.framework; name = Bolts.framework; path = "../../../Downloads/parse-library-1.8.2/Bolts.framework"; sourceTree = "<group>"; };
		5E530F5A1B9376FE009A0843 /* LTTabBarController.h */ = {isa = PBXFileReference; fileEncoding = 4; lastKnownFileType = sourcecode.c.h; path = LTTabBarController.h; sourceTree = "<group>"; };
		5E530F5B1B9376FE009A0843 /* LTTabBarController.m */ = {isa = PBXFileReference; fileEncoding = 4; lastKnownFileType = sourcecode.c.objc; path = LTTabBarController.m; sourceTree = "<group>"; };
		5E530F5D1B9377E3009A0843 /* LTSignUpViewController.h */ = {isa = PBXFileReference; fileEncoding = 4; lastKnownFileType = sourcecode.c.h; path = LTSignUpViewController.h; sourceTree = "<group>"; };
		5E530F5E1B9377E3009A0843 /* LTSignUpViewController.m */ = {isa = PBXFileReference; fileEncoding = 4; lastKnownFileType = sourcecode.c.objc; path = LTSignUpViewController.m; sourceTree = "<group>"; };
		5E530F6A1B937E4F009A0843 /* UIStoryboard+Lettuce.h */ = {isa = PBXFileReference; fileEncoding = 4; lastKnownFileType = sourcecode.c.h; path = "UIStoryboard+Lettuce.h"; sourceTree = "<group>"; };
		5E530F6B1B937E4F009A0843 /* UIStoryboard+Lettuce.m */ = {isa = PBXFileReference; fileEncoding = 4; lastKnownFileType = sourcecode.c.objc; path = "UIStoryboard+Lettuce.m"; sourceTree = "<group>"; };
		5E530F6E1B938568009A0843 /* LTConstants.h */ = {isa = PBXFileReference; fileEncoding = 4; lastKnownFileType = sourcecode.c.h; path = LTConstants.h; sourceTree = "<group>"; };
		5E530F6F1B938568009A0843 /* LTConstants.m */ = {isa = PBXFileReference; fileEncoding = 4; lastKnownFileType = sourcecode.c.objc; path = LTConstants.m; sourceTree = "<group>"; };
		5E530F721B938736009A0843 /* Lettuce-Prefix.pch */ = {isa = PBXFileReference; lastKnownFileType = sourcecode.c.h; path = "Lettuce-Prefix.pch"; sourceTree = "<group>"; };
		5EE114A81B9392C000FB8CE1 /* LTHelper.h */ = {isa = PBXFileReference; fileEncoding = 4; lastKnownFileType = sourcecode.c.h; path = LTHelper.h; sourceTree = "<group>"; };
		5EE114A91B9392C000FB8CE1 /* LTHelper.m */ = {isa = PBXFileReference; fileEncoding = 4; lastKnownFileType = sourcecode.c.objc; path = LTHelper.m; sourceTree = "<group>"; };
		5EE114AB1B93962400FB8CE1 /* UIView+Lettuce.h */ = {isa = PBXFileReference; fileEncoding = 4; lastKnownFileType = sourcecode.c.h; path = "UIView+Lettuce.h"; sourceTree = "<group>"; };
		5EE114AC1B93962400FB8CE1 /* UIView+Lettuce.m */ = {isa = PBXFileReference; fileEncoding = 4; lastKnownFileType = sourcecode.c.objc; path = "UIView+Lettuce.m"; sourceTree = "<group>"; };
/* End PBXFileReference section */

/* Begin PBXFrameworksBuildPhase section */
		5E530F131B92DF24009A0843 /* Frameworks */ = {
			isa = PBXFrameworksBuildPhase;
			buildActionMask = 2147483647;
			files = (
				5E530F551B92FA45009A0843 /* libsqlite3.dylib in Frameworks */,
				5E530F531B92FA3F009A0843 /* libz.dylib in Frameworks */,
				5E530F511B92FA39009A0843 /* SystemConfiguration.framework in Frameworks */,
				5E530F591B92FAE1009A0843 /* Bolts.framework in Frameworks */,
				5E530F4F1B92FA34009A0843 /* StoreKit.framework in Frameworks */,
				5E530F4D1B92FA2E009A0843 /* Security.framework in Frameworks */,
				5E530F4B1B92FA29009A0843 /* QuartzCore.framework in Frameworks */,
				5E530F571B92FA7F009A0843 /* Parse.framework in Frameworks */,
				5E530F491B92FA22009A0843 /* CoreLocation.framework in Frameworks */,
				5E530F471B92FA1C009A0843 /* CoreGraphics.framework in Frameworks */,
				5E530F451B92FA17009A0843 /* CFNetwork.framework in Frameworks */,
				5E530F431B92FA12009A0843 /* AudioToolbox.framework in Frameworks */,
			);
			runOnlyForDeploymentPostprocessing = 0;
		};
		5E530F2C1B92DF24009A0843 /* Frameworks */ = {
			isa = PBXFrameworksBuildPhase;
			buildActionMask = 2147483647;
			files = (
			);
			runOnlyForDeploymentPostprocessing = 0;
		};
/* End PBXFrameworksBuildPhase section */

/* Begin PBXGroup section */
		5E530F0D1B92DF24009A0843 = {
			isa = PBXGroup;
			children = (
				5E530F181B92DF24009A0843 /* LettuceGetHealthy */,
				5E530F601B937D72009A0843 /* Frameworks */,
				5E530F321B92DF24009A0843 /* LettuceGetHealthyTests */,
				5E530F171B92DF24009A0843 /* Products */,
			);
			sourceTree = "<group>";
		};
		5E530F171B92DF24009A0843 /* Products */ = {
			isa = PBXGroup;
			children = (
				5E530F161B92DF24009A0843 /* LettuceGetHealthy.app */,
				5E530F2F1B92DF24009A0843 /* LettuceGetHealthyTests.xctest */,
			);
			name = Products;
			sourceTree = "<group>";
		};
		5E530F181B92DF24009A0843 /* LettuceGetHealthy */ = {
			isa = PBXGroup;
			children = (
				5E530F661B937DEE009A0843 /* AppDelegate */,
				5E530F651B937DCF009A0843 /* Storyboard */,
				5E530F611B937D8C009A0843 /* SignUp */,
				5E530F621B937D9B009A0843 /* Today */,
				5E530F631B937D9F009A0843 /* This Week */,
				5E530F6D1B938551009A0843 /* Common */,
				5E530F641B937DB2009A0843 /* Categories */,
				5E530F261B92DF24009A0843 /* Images.xcassets */,
				5E530F191B92DF24009A0843 /* Supporting Files */,
			);
			path = LettuceGetHealthy;
			sourceTree = "<group>";
		};
		5E530F191B92DF24009A0843 /* Supporting Files */ = {
			isa = PBXGroup;
			children = (
				5E530F1A1B92DF24009A0843 /* Info.plist */,
				5E530F1B1B92DF24009A0843 /* main.m */,
			);
			name = "Supporting Files";
			sourceTree = "<group>";
		};
		5E530F321B92DF24009A0843 /* LettuceGetHealthyTests */ = {
			isa = PBXGroup;
			children = (
				5E530F351B92DF24009A0843 /* LettuceGetHealthyTests.m */,
				5E530F331B92DF24009A0843 /* Supporting Files */,
			);
			path = LettuceGetHealthyTests;
			sourceTree = "<group>";
		};
		5E530F331B92DF24009A0843 /* Supporting Files */ = {
			isa = PBXGroup;
			children = (
				5E530F341B92DF24009A0843 /* Info.plist */,
			);
			name = "Supporting Files";
			sourceTree = "<group>";
		};
		5E530F601B937D72009A0843 /* Frameworks */ = {
			isa = PBXGroup;
			children = (
				5E530F581B92FAE1009A0843 /* Bolts.framework */,
				5E530F561B92FA7F009A0843 /* Parse.framework */,
				5E530F541B92FA45009A0843 /* libsqlite3.dylib */,
				5E530F521B92FA3F009A0843 /* libz.dylib */,
				5E530F501B92FA39009A0843 /* SystemConfiguration.framework */,
				5E530F4E1B92FA33009A0843 /* StoreKit.framework */,
				5E530F4C1B92FA2E009A0843 /* Security.framework */,
				5E530F4A1B92FA29009A0843 /* QuartzCore.framework */,
				5E530F481B92FA22009A0843 /* CoreLocation.framework */,
				5E530F461B92FA1C009A0843 /* CoreGraphics.framework */,
				5E530F441B92FA17009A0843 /* CFNetwork.framework */,
				5E530F421B92FA12009A0843 /* AudioToolbox.framework */,
			);
			name = Frameworks;
			sourceTree = "<group>";
		};
		5E530F611B937D8C009A0843 /* SignUp */ = {
			isa = PBXGroup;
			children = (
				5E530F5D1B9377E3009A0843 /* LTSignUpViewController.h */,
				5E530F5E1B9377E3009A0843 /* LTSignUpViewController.m */,
			);
			name = SignUp;
			sourceTree = "<group>";
		};
		5E530F621B937D9B009A0843 /* Today */ = {
			isa = PBXGroup;
			children = (
				5E530F201B92DF24009A0843 /* LTTodayViewController.h */,
				5E530F211B92DF24009A0843 /* LTTodayViewController.m */,
			);
			name = Today;
			sourceTree = "<group>";
		};
		5E530F631B937D9F009A0843 /* This Week */ = {
			isa = PBXGroup;
			children = (
			);
			name = "This Week";
			sourceTree = "<group>";
		};
		5E530F641B937DB2009A0843 /* Categories */ = {
			isa = PBXGroup;
			children = (
				5E530F3F1B92E725009A0843 /* UIColor+Lettuce.h */,
				5E530F401B92E725009A0843 /* UIColor+Lettuce.m */,
				5E530F6A1B937E4F009A0843 /* UIStoryboard+Lettuce.h */,
				5E530F6B1B937E4F009A0843 /* UIStoryboard+Lettuce.m */,
				5EE114AB1B93962400FB8CE1 /* UIView+Lettuce.h */,
				5EE114AC1B93962400FB8CE1 /* UIView+Lettuce.m */,
			);
			name = Categories;
			sourceTree = "<group>";
		};
		5E530F651B937DCF009A0843 /* Storyboard */ = {
			isa = PBXGroup;
			children = (
				5E530F231B92DF24009A0843 /* Main.storyboard */,
				5E530F281B92DF24009A0843 /* LaunchScreen.xib */,
			);
			name = Storyboard;
			sourceTree = "<group>";
		};
		5E530F661B937DEE009A0843 /* AppDelegate */ = {
			isa = PBXGroup;
			children = (
				5E530F1D1B92DF24009A0843 /* LTAppDelegate.h */,
				5E530F1E1B92DF24009A0843 /* LTAppDelegate.m */,
				5E530F5A1B9376FE009A0843 /* LTTabBarController.h */,
				5E530F5B1B9376FE009A0843 /* LTTabBarController.m */,
			);
			name = AppDelegate;
			sourceTree = "<group>";
		};
		5E530F6D1B938551009A0843 /* Common */ = {
			isa = PBXGroup;
			children = (
				5E530F6E1B938568009A0843 /* LTConstants.h */,
				5E530F6F1B938568009A0843 /* LTConstants.m */,
				5E530F721B938736009A0843 /* Lettuce-Prefix.pch */,
				5EE114A81B9392C000FB8CE1 /* LTHelper.h */,
				5EE114A91B9392C000FB8CE1 /* LTHelper.m */,
			);
			name = Common;
			sourceTree = "<group>";
		};
/* End PBXGroup section */

/* Begin PBXNativeTarget section */
		5E530F151B92DF24009A0843 /* LettuceGetHealthy */ = {
			isa = PBXNativeTarget;
			buildConfigurationList = 5E530F391B92DF24009A0843 /* Build configuration list for PBXNativeTarget "LettuceGetHealthy" */;
			buildPhases = (
				5E530F121B92DF24009A0843 /* Sources */,
				5E530F131B92DF24009A0843 /* Frameworks */,
				5E530F141B92DF24009A0843 /* Resources */,
			);
			buildRules = (
			);
			dependencies = (
			);
			name = LettuceGetHealthy;
			productName = LettuceGetHealthy;
			productReference = 5E530F161B92DF24009A0843 /* LettuceGetHealthy.app */;
			productType = "com.apple.product-type.application";
		};
		5E530F2E1B92DF24009A0843 /* LettuceGetHealthyTests */ = {
			isa = PBXNativeTarget;
			buildConfigurationList = 5E530F3C1B92DF24009A0843 /* Build configuration list for PBXNativeTarget "LettuceGetHealthyTests" */;
			buildPhases = (
				5E530F2B1B92DF24009A0843 /* Sources */,
				5E530F2C1B92DF24009A0843 /* Frameworks */,
				5E530F2D1B92DF24009A0843 /* Resources */,
			);
			buildRules = (
			);
			dependencies = (
				5E530F311B92DF24009A0843 /* PBXTargetDependency */,
			);
			name = LettuceGetHealthyTests;
			productName = LettuceGetHealthyTests;
			productReference = 5E530F2F1B92DF24009A0843 /* LettuceGetHealthyTests.xctest */;
			productType = "com.apple.product-type.bundle.unit-test";
		};
/* End PBXNativeTarget section */

/* Begin PBXProject section */
		5E530F0E1B92DF24009A0843 /* Project object */ = {
			isa = PBXProject;
			attributes = {
				LastUpgradeCheck = 0640;
				ORGANIZATIONNAME = hsiao;
				TargetAttributes = {
					5E530F151B92DF24009A0843 = {
						CreatedOnToolsVersion = 6.4;
					};
					5E530F2E1B92DF24009A0843 = {
						CreatedOnToolsVersion = 6.4;
						TestTargetID = 5E530F151B92DF24009A0843;
					};
				};
			};
			buildConfigurationList = 5E530F111B92DF24009A0843 /* Build configuration list for PBXProject "LettuceGetHealthy" */;
			compatibilityVersion = "Xcode 3.2";
			developmentRegion = English;
			hasScannedForEncodings = 0;
			knownRegions = (
				en,
				Base,
			);
			mainGroup = 5E530F0D1B92DF24009A0843;
			productRefGroup = 5E530F171B92DF24009A0843 /* Products */;
			projectDirPath = "";
			projectRoot = "";
			targets = (
				5E530F151B92DF24009A0843 /* LettuceGetHealthy */,
				5E530F2E1B92DF24009A0843 /* LettuceGetHealthyTests */,
			);
		};
/* End PBXProject section */

/* Begin PBXResourcesBuildPhase section */
		5E530F141B92DF24009A0843 /* Resources */ = {
			isa = PBXResourcesBuildPhase;
			buildActionMask = 2147483647;
			files = (
				5E530F251B92DF24009A0843 /* Main.storyboard in Resources */,
				5E530F2A1B92DF24009A0843 /* LaunchScreen.xib in Resources */,
				5E530F271B92DF24009A0843 /* Images.xcassets in Resources */,
			);
			runOnlyForDeploymentPostprocessing = 0;
		};
		5E530F2D1B92DF24009A0843 /* Resources */ = {
			isa = PBXResourcesBuildPhase;
			buildActionMask = 2147483647;
			files = (
			);
			runOnlyForDeploymentPostprocessing = 0;
		};
/* End PBXResourcesBuildPhase section */

/* Begin PBXSourcesBuildPhase section */
		5E530F121B92DF24009A0843 /* Sources */ = {
			isa = PBXSourcesBuildPhase;
			buildActionMask = 2147483647;
			files = (
				5E530F5C1B9376FE009A0843 /* LTTabBarController.m in Sources */,
				5EE114AD1B93962400FB8CE1 /* UIView+Lettuce.m in Sources */,
				5E530F221B92DF24009A0843 /* LTTodayViewController.m in Sources */,
				5EE114AA1B9392C000FB8CE1 /* LTHelper.m in Sources */,
				5E530F5F1B9377E3009A0843 /* LTSignUpViewController.m in Sources */,
				5E530F1F1B92DF24009A0843 /* LTAppDelegate.m in Sources */,
				5E530F411B92E725009A0843 /* UIColor+Lettuce.m in Sources */,
				5E530F701B938568009A0843 /* LTConstants.m in Sources */,
				5E530F6C1B937E4F009A0843 /* UIStoryboard+Lettuce.m in Sources */,
				5E530F1C1B92DF24009A0843 /* main.m in Sources */,
			);
			runOnlyForDeploymentPostprocessing = 0;
		};
		5E530F2B1B92DF24009A0843 /* Sources */ = {
			isa = PBXSourcesBuildPhase;
			buildActionMask = 2147483647;
			files = (
				5E530F361B92DF24009A0843 /* LettuceGetHealthyTests.m in Sources */,
			);
			runOnlyForDeploymentPostprocessing = 0;
		};
/* End PBXSourcesBuildPhase section */

/* Begin PBXTargetDependency section */
		5E530F311B92DF24009A0843 /* PBXTargetDependency */ = {
			isa = PBXTargetDependency;
			target = 5E530F151B92DF24009A0843 /* LettuceGetHealthy */;
			targetProxy = 5E530F301B92DF24009A0843 /* PBXContainerItemProxy */;
		};
/* End PBXTargetDependency section */

/* Begin PBXVariantGroup section */
		5E530F231B92DF24009A0843 /* Main.storyboard */ = {
			isa = PBXVariantGroup;
			children = (
				5E530F241B92DF24009A0843 /* Base */,
			);
			name = Main.storyboard;
			sourceTree = "<group>";
		};
		5E530F281B92DF24009A0843 /* LaunchScreen.xib */ = {
			isa = PBXVariantGroup;
			children = (
				5E530F291B92DF24009A0843 /* Base */,
			);
			name = LaunchScreen.xib;
			sourceTree = "<group>";
		};
/* End PBXVariantGroup section */

/* Begin XCBuildConfiguration section */
		5E530F371B92DF24009A0843 /* Debug */ = {
			isa = XCBuildConfiguration;
			buildSettings = {
				ALWAYS_SEARCH_USER_PATHS = NO;
				CLANG_CXX_LANGUAGE_STANDARD = "gnu++0x";
				CLANG_CXX_LIBRARY = "libc++";
				CLANG_ENABLE_MODULES = YES;
				CLANG_ENABLE_OBJC_ARC = YES;
				CLANG_WARN_BOOL_CONVERSION = YES;
				CLANG_WARN_CONSTANT_CONVERSION = YES;
				CLANG_WARN_DIRECT_OBJC_ISA_USAGE = YES_ERROR;
				CLANG_WARN_EMPTY_BODY = YES;
				CLANG_WARN_ENUM_CONVERSION = YES;
				CLANG_WARN_INT_CONVERSION = YES;
				CLANG_WARN_OBJC_ROOT_CLASS = YES_ERROR;
				CLANG_WARN_UNREACHABLE_CODE = YES;
				CLANG_WARN__DUPLICATE_METHOD_MATCH = YES;
				"CODE_SIGN_IDENTITY[sdk=iphoneos*]" = "iPhone Developer";
				COPY_PHASE_STRIP = NO;
				DEBUG_INFORMATION_FORMAT = "dwarf-with-dsym";
				ENABLE_STRICT_OBJC_MSGSEND = YES;
				GCC_C_LANGUAGE_STANDARD = gnu99;
				GCC_DYNAMIC_NO_PIC = NO;
				GCC_NO_COMMON_BLOCKS = YES;
				GCC_OPTIMIZATION_LEVEL = 0;
				GCC_PREPROCESSOR_DEFINITIONS = (
					"DEBUG=1",
					"$(inherited)",
				);
				GCC_SYMBOLS_PRIVATE_EXTERN = NO;
				GCC_WARN_64_TO_32_BIT_CONVERSION = YES;
				GCC_WARN_ABOUT_RETURN_TYPE = YES_ERROR;
				GCC_WARN_UNDECLARED_SELECTOR = YES;
				GCC_WARN_UNINITIALIZED_AUTOS = YES_AGGRESSIVE;
				GCC_WARN_UNUSED_FUNCTION = YES;
				GCC_WARN_UNUSED_VARIABLE = YES;
				IPHONEOS_DEPLOYMENT_TARGET = 8.4;
				MTL_ENABLE_DEBUG_INFO = YES;
				ONLY_ACTIVE_ARCH = YES;
				SDKROOT = iphoneos;
			};
			name = Debug;
		};
		5E530F381B92DF24009A0843 /* Release */ = {
			isa = XCBuildConfiguration;
			buildSettings = {
				ALWAYS_SEARCH_USER_PATHS = NO;
				CLANG_CXX_LANGUAGE_STANDARD = "gnu++0x";
				CLANG_CXX_LIBRARY = "libc++";
				CLANG_ENABLE_MODULES = YES;
				CLANG_ENABLE_OBJC_ARC = YES;
				CLANG_WARN_BOOL_CONVERSION = YES;
				CLANG_WARN_CONSTANT_CONVERSION = YES;
				CLANG_WARN_DIRECT_OBJC_ISA_USAGE = YES_ERROR;
				CLANG_WARN_EMPTY_BODY = YES;
				CLANG_WARN_ENUM_CONVERSION = YES;
				CLANG_WARN_INT_CONVERSION = YES;
				CLANG_WARN_OBJC_ROOT_CLASS = YES_ERROR;
				CLANG_WARN_UNREACHABLE_CODE = YES;
				CLANG_WARN__DUPLICATE_METHOD_MATCH = YES;
				"CODE_SIGN_IDENTITY[sdk=iphoneos*]" = "iPhone Developer";
				COPY_PHASE_STRIP = NO;
				DEBUG_INFORMATION_FORMAT = "dwarf-with-dsym";
				ENABLE_NS_ASSERTIONS = NO;
				ENABLE_STRICT_OBJC_MSGSEND = YES;
				GCC_C_LANGUAGE_STANDARD = gnu99;
				GCC_NO_COMMON_BLOCKS = YES;
				GCC_WARN_64_TO_32_BIT_CONVERSION = YES;
				GCC_WARN_ABOUT_RETURN_TYPE = YES_ERROR;
				GCC_WARN_UNDECLARED_SELECTOR = YES;
				GCC_WARN_UNINITIALIZED_AUTOS = YES_AGGRESSIVE;
				GCC_WARN_UNUSED_FUNCTION = YES;
				GCC_WARN_UNUSED_VARIABLE = YES;
				IPHONEOS_DEPLOYMENT_TARGET = 8.4;
				MTL_ENABLE_DEBUG_INFO = NO;
				SDKROOT = iphoneos;
				VALIDATE_PRODUCT = YES;
			};
			name = Release;
		};
		5E530F3A1B92DF24009A0843 /* Debug */ = {
			isa = XCBuildConfiguration;
			buildSettings = {
				ASSETCATALOG_COMPILER_APPICON_NAME = AppIcon;
				FRAMEWORK_SEARCH_PATHS = (
					"$(inherited)",
					"/Users/kimberlyhsiao/Downloads/parse-library-1.8.2",
				);
				GCC_PRECOMPILE_PREFIX_HEADER = NO;
				GCC_PREFIX_HEADER = "LettuceGetHealthy/Lettuce-Prefix.pch";
				INFOPLIST_FILE = LettuceGetHealthy/Info.plist;
				LD_RUNPATH_SEARCH_PATHS = "$(inherited) @executable_path/Frameworks";
				PRODUCT_NAME = "$(TARGET_NAME)";
			};
			name = Debug;
		};
		5E530F3B1B92DF24009A0843 /* Release */ = {
			isa = XCBuildConfiguration;
			buildSettings = {
				ASSETCATALOG_COMPILER_APPICON_NAME = AppIcon;
				FRAMEWORK_SEARCH_PATHS = (
					"$(inherited)",
					"/Users/kimberlyhsiao/Downloads/parse-library-1.8.2",
				);
				GCC_PRECOMPILE_PREFIX_HEADER = NO;
				GCC_PREFIX_HEADER = "LettuceGetHealthy/Lettuce-Prefix.pch";
				INFOPLIST_FILE = LettuceGetHealthy/Info.plist;
				LD_RUNPATH_SEARCH_PATHS = "$(inherited) @executable_path/Frameworks";
				PRODUCT_NAME = "$(TARGET_NAME)";
			};
			name = Release;
		};
		5E530F3D1B92DF24009A0843 /* Debug */ = {
			isa = XCBuildConfiguration;
			buildSettings = {
				BUNDLE_LOADER = "$(TEST_HOST)";
				FRAMEWORK_SEARCH_PATHS = (
					"$(SDKROOT)/Developer/Library/Frameworks",
					"$(inherited)",
				);
				GCC_PREPROCESSOR_DEFINITIONS = (
					"DEBUG=1",
					"$(inherited)",
				);
				INFOPLIST_FILE = LettuceGetHealthyTests/Info.plist;
				LD_RUNPATH_SEARCH_PATHS = "$(inherited) @executable_path/Frameworks @loader_path/Frameworks";
				PRODUCT_NAME = "$(TARGET_NAME)";
				TEST_HOST = "$(BUILT_PRODUCTS_DIR)/LettuceGetHealthy.app/LettuceGetHealthy";
			};
			name = Debug;
		};
		5E530F3E1B92DF24009A0843 /* Release */ = {
			isa = XCBuildConfiguration;
			buildSettings = {
				BUNDLE_LOADER = "$(TEST_HOST)";
				FRAMEWORK_SEARCH_PATHS = (
					"$(SDKROOT)/Developer/Library/Frameworks",
					"$(inherited)",
				);
				INFOPLIST_FILE = LettuceGetHealthyTests/Info.plist;
				LD_RUNPATH_SEARCH_PATHS = "$(inherited) @executable_path/Frameworks @loader_path/Frameworks";
				PRODUCT_NAME = "$(TARGET_NAME)";
				TEST_HOST = "$(BUILT_PRODUCTS_DIR)/LettuceGetHealthy.app/LettuceGetHealthy";
			};
			name = Release;
		};
/* End XCBuildConfiguration section */

/* Begin XCConfigurationList section */
		5E530F111B92DF24009A0843 /* Build configuration list for PBXProject "LettuceGetHealthy" */ = {
			isa = XCConfigurationList;
			buildConfigurations = (
				5E530F371B92DF24009A0843 /* Debug */,
				5E530F381B92DF24009A0843 /* Release */,
			);
			defaultConfigurationIsVisible = 0;
			defaultConfigurationName = Release;
		};
		5E530F391B92DF24009A0843 /* Build configuration list for PBXNativeTarget "LettuceGetHealthy" */ = {
			isa = XCConfigurationList;
			buildConfigurations = (
				5E530F3A1B92DF24009A0843 /* Debug */,
				5E530F3B1B92DF24009A0843 /* Release */,
			);
			defaultConfigurationIsVisible = 0;
			defaultConfigurationName = Release;
		};
		5E530F3C1B92DF24009A0843 /* Build configuration list for PBXNativeTarget "LettuceGetHealthyTests" */ = {
			isa = XCConfigurationList;
			buildConfigurations = (
				5E530F3D1B92DF24009A0843 /* Debug */,
				5E530F3E1B92DF24009A0843 /* Release */,
			);
			defaultConfigurationIsVisible = 0;
			defaultConfigurationName = Release;
		};
/* End XCConfigurationList section */
	};
	rootObject = 5E530F0E1B92DF24009A0843 /* Project object */;
}
